PODS:
  - boost (1.76.0)
  - CocoaAsyncSocket (7.6.5)
  - CryptoSwift (1.5.1)
  - DifferenceKit (1.3.0):
    - DifferenceKit/Core (= 1.3.0)
    - DifferenceKit/UIKitExtension (= 1.3.0)
  - DifferenceKit/Core (1.3.0)
  - DifferenceKit/UIKitExtension (1.3.0):
    - DifferenceKit/Core
  - DoubleConversion (1.1.6)
  - FBLazyVector (0.72.7)
  - FBReactNativeSpec (0.72.7):
    - RCT-Folly (= 2021.07.22.00)
    - RCTRequired (= 0.72.7)
    - RCTTypeSafety (= 0.72.7)
    - React-Core (= 0.72.7)
    - React-jsi (= 0.72.7)
    - ReactCommon/turbomodule/core (= 0.72.7)
  - Firebase (10.21.0):
    - Firebase/Core (= 10.21.0)
  - Firebase/Core (10.21.0):
    - Firebase/CoreOnly
    - FirebaseAnalytics (~> 10.21.0)
  - Firebase/CoreOnly (10.21.0):
    - FirebaseCore (= 10.21.0)
  - Firebase/Messaging (10.21.0):
    - Firebase/CoreOnly
    - FirebaseMessaging (~> 10.21.0)
  - FirebaseAnalytics (10.21.0):
    - FirebaseAnalytics/AdIdSupport (= 10.21.0)
    - FirebaseCore (~> 10.0)
    - FirebaseInstallations (~> 10.0)
    - GoogleUtilities/AppDelegateSwizzler (~> 7.11)
    - GoogleUtilities/MethodSwizzler (~> 7.11)
    - GoogleUtilities/Network (~> 7.11)
    - "GoogleUtilities/NSData+zlib (~> 7.11)"
    - nanopb (< 2.30910.0, >= 2.30908.0)
  - FirebaseAnalytics/AdIdSupport (10.21.0):
    - FirebaseCore (~> 10.0)
    - FirebaseInstallations (~> 10.0)
    - GoogleAppMeasurement (= 10.21.0)
    - GoogleUtilities/AppDelegateSwizzler (~> 7.11)
    - GoogleUtilities/MethodSwizzler (~> 7.11)
    - GoogleUtilities/Network (~> 7.11)
    - "GoogleUtilities/NSData+zlib (~> 7.11)"
    - nanopb (< 2.30910.0, >= 2.30908.0)
  - FirebaseCore (10.21.0):
    - FirebaseCoreInternal (~> 10.0)
    - GoogleUtilities/Environment (~> 7.12)
    - GoogleUtilities/Logger (~> 7.12)
  - FirebaseCoreExtension (10.21.0):
    - FirebaseCore (~> 10.0)
  - FirebaseCoreInternal (10.22.0):
    - "GoogleUtilities/NSData+zlib (~> 7.8)"
  - FirebaseInstallations (10.22.0):
    - FirebaseCore (~> 10.0)
    - GoogleUtilities/Environment (~> 7.8)
    - GoogleUtilities/UserDefaults (~> 7.8)
    - PromisesObjC (~> 2.1)
  - FirebaseMessaging (10.21.0):
    - FirebaseCore (~> 10.0)
    - FirebaseInstallations (~> 10.0)
    - GoogleDataTransport (~> 9.3)
    - GoogleUtilities/AppDelegateSwizzler (~> 7.8)
    - GoogleUtilities/Environment (~> 7.8)
    - GoogleUtilities/Reachability (~> 7.8)
    - GoogleUtilities/UserDefaults (~> 7.8)
    - nanopb (< 2.30910.0, >= 2.30908.0)
  - Flipper (0.182.0):
    - Flipper-Folly (~> 2.6)
  - Flipper-Boost-iOSX (1.76.0.1.11)
  - Flipper-DoubleConversion (3.2.0.1)
  - Flipper-Fmt (7.1.7)
  - Flipper-Folly (2.6.10):
    - Flipper-Boost-iOSX
    - Flipper-DoubleConversion
    - Flipper-Fmt (= 7.1.7)
    - Flipper-Glog
    - libevent (~> 2.1.12)
    - OpenSSL-Universal (= 1.1.1100)
  - Flipper-Glog (0.5.0.5)
  - Flipper-PeerTalk (0.0.4)
  - FlipperKit (0.182.0):
    - FlipperKit/Core (= 0.182.0)
  - FlipperKit/Core (0.182.0):
    - Flipper (~> 0.182.0)
    - FlipperKit/CppBridge
    - FlipperKit/FBCxxFollyDynamicConvert
    - FlipperKit/FBDefines
    - FlipperKit/FKPortForwarding
    - SocketRocket (~> 0.6.0)
  - FlipperKit/CppBridge (0.182.0):
    - Flipper (~> 0.182.0)
  - FlipperKit/FBCxxFollyDynamicConvert (0.182.0):
    - Flipper-Folly (~> 2.6)
  - FlipperKit/FBDefines (0.182.0)
  - FlipperKit/FKPortForwarding (0.182.0):
    - CocoaAsyncSocket (~> 7.6)
    - Flipper-PeerTalk (~> 0.0.4)
  - FlipperKit/FlipperKitHighlightOverlay (0.182.0)
  - FlipperKit/FlipperKitLayoutHelpers (0.182.0):
    - FlipperKit/Core
    - FlipperKit/FlipperKitHighlightOverlay
    - FlipperKit/FlipperKitLayoutTextSearchable
  - FlipperKit/FlipperKitLayoutIOSDescriptors (0.182.0):
    - FlipperKit/Core
    - FlipperKit/FlipperKitHighlightOverlay
    - FlipperKit/FlipperKitLayoutHelpers
    - YogaKit (~> 1.18)
  - FlipperKit/FlipperKitLayoutPlugin (0.182.0):
    - FlipperKit/Core
    - FlipperKit/FlipperKitHighlightOverlay
    - FlipperKit/FlipperKitLayoutHelpers
    - FlipperKit/FlipperKitLayoutIOSDescriptors
    - FlipperKit/FlipperKitLayoutTextSearchable
    - YogaKit (~> 1.18)
  - FlipperKit/FlipperKitLayoutTextSearchable (0.182.0)
  - FlipperKit/FlipperKitNetworkPlugin (0.182.0):
    - FlipperKit/Core
  - FlipperKit/FlipperKitReactPlugin (0.182.0):
    - FlipperKit/Core
  - FlipperKit/FlipperKitUserDefaultsPlugin (0.182.0):
    - FlipperKit/Core
  - FlipperKit/SKIOSNetworkPlugin (0.182.0):
    - FlipperKit/Core
    - FlipperKit/FlipperKitNetworkPlugin
  - fmt (6.2.1)
  - Fuzi (3.1.3)
  - GCDWebServer (3.7.5):
    - GCDWebServer/Core (= 3.7.5)
  - GCDWebServer/Core (3.7.5)
  - glog (0.3.5)
  - GoogleAppMeasurement (10.21.0):
    - GoogleAppMeasurement/AdIdSupport (= 10.21.0)
    - GoogleUtilities/AppDelegateSwizzler (~> 7.11)
    - GoogleUtilities/MethodSwizzler (~> 7.11)
    - GoogleUtilities/Network (~> 7.11)
    - "GoogleUtilities/NSData+zlib (~> 7.11)"
    - nanopb (< 2.30910.0, >= 2.30908.0)
  - GoogleAppMeasurement/AdIdSupport (10.21.0):
    - GoogleAppMeasurement/WithoutAdIdSupport (= 10.21.0)
    - GoogleUtilities/AppDelegateSwizzler (~> 7.11)
    - GoogleUtilities/MethodSwizzler (~> 7.11)
    - GoogleUtilities/Network (~> 7.11)
    - "GoogleUtilities/NSData+zlib (~> 7.11)"
    - nanopb (< 2.30910.0, >= 2.30908.0)
  - GoogleAppMeasurement/WithoutAdIdSupport (10.21.0):
    - GoogleUtilities/AppDelegateSwizzler (~> 7.11)
    - GoogleUtilities/MethodSwizzler (~> 7.11)
    - GoogleUtilities/Network (~> 7.11)
    - "GoogleUtilities/NSData+zlib (~> 7.11)"
    - nanopb (< 2.30910.0, >= 2.30908.0)
  - GoogleDataTransport (9.4.0):
    - GoogleUtilities/Environment (~> 7.7)
    - nanopb (< 2.30910.0, >= 2.30908.0)
    - PromisesObjC (< 3.0, >= 1.2)
  - GoogleUtilities (7.13.0):
    - GoogleUtilities/AppDelegateSwizzler (= 7.13.0)
    - GoogleUtilities/Environment (= 7.13.0)
    - GoogleUtilities/ISASwizzler (= 7.13.0)
    - GoogleUtilities/Logger (= 7.13.0)
    - GoogleUtilities/MethodSwizzler (= 7.13.0)
    - GoogleUtilities/Network (= 7.13.0)
    - "GoogleUtilities/NSData+zlib (= 7.13.0)"
    - GoogleUtilities/Privacy (= 7.13.0)
    - GoogleUtilities/Reachability (= 7.13.0)
    - GoogleUtilities/SwizzlerTestHelpers (= 7.13.0)
    - GoogleUtilities/UserDefaults (= 7.13.0)
  - GoogleUtilities/AppDelegateSwizzler (7.13.0):
    - GoogleUtilities/Environment
    - GoogleUtilities/Logger
    - GoogleUtilities/Network
    - GoogleUtilities/Privacy
  - GoogleUtilities/Environment (7.13.0):
    - GoogleUtilities/Privacy
    - PromisesObjC (< 3.0, >= 1.2)
  - GoogleUtilities/ISASwizzler (7.13.0):
    - GoogleUtilities/Privacy
  - GoogleUtilities/Logger (7.13.0):
    - GoogleUtilities/Environment
    - GoogleUtilities/Privacy
  - GoogleUtilities/MethodSwizzler (7.13.0):
    - GoogleUtilities/Logger
    - GoogleUtilities/Privacy
  - GoogleUtilities/Network (7.13.0):
    - GoogleUtilities/Logger
    - "GoogleUtilities/NSData+zlib"
    - GoogleUtilities/Privacy
    - GoogleUtilities/Reachability
  - "GoogleUtilities/NSData+zlib (7.13.0)":
    - GoogleUtilities/Privacy
  - GoogleUtilities/Privacy (7.13.0)
  - GoogleUtilities/Reachability (7.13.0):
    - GoogleUtilities/Logger
    - GoogleUtilities/Privacy
  - GoogleUtilities/SwizzlerTestHelpers (7.13.0):
    - GoogleUtilities/MethodSwizzler
  - GoogleUtilities/UserDefaults (7.13.0):
    - GoogleUtilities/Logger
    - GoogleUtilities/Privacy
  - hermes-engine (0.72.7):
    - hermes-engine/Pre-built (= 0.72.7)
  - hermes-engine/Pre-built (0.72.7)
  - JOSESwift (2.4.0)
  - libevent (2.1.12)
  - libwebp (1.3.2):
    - libwebp/demux (= 1.3.2)
    - libwebp/mux (= 1.3.2)
    - libwebp/sharpyuv (= 1.3.2)
    - libwebp/webp (= 1.3.2)
  - libwebp/demux (1.3.2):
    - libwebp/webp
  - libwebp/mux (1.3.2):
    - libwebp/demux
  - libwebp/sharpyuv (1.3.2)
  - libwebp/webp (1.3.2):
    - libwebp/sharpyuv
  - Minizip (1.0.0)
  - nanopb (2.30909.1):
    - nanopb/decode (= 2.30909.1)
    - nanopb/encode (= 2.30909.1)
  - nanopb/decode (2.30909.1)
  - nanopb/encode (2.30909.1)
  - OpenSSL-Universal (1.1.1100)
  - pagopa-io-react-native-crypto (0.2.3):
    - React-Core
  - pagopa-io-react-native-jwt (1.1.0):
    - JOSESwift (~> 2.3)
    - RCT-Folly (= 2021.07.22.00)
    - React-Core
  - PromisesObjC (2.4.0)
  - R2Navigator (2.6.0):
    - DifferenceKit (~> 1.0)
    - R2Shared
    - ReadiumInternal
    - SwiftSoup (<= 2.5.3)
  - R2Shared (2.6.0):
    - Fuzi (~> 3.0)
    - Minizip (~> 1.0)
    - ReadiumInternal
    - SwiftSoup (<= 2.5.3)
  - R2Streamer (2.6.0):
    - CryptoSwift (<= 1.5.1)
    - Fuzi (~> 3.0)
    - GCDWebServer (~> 3.0)
    - Minizip (~> 1.0)
    - R2Shared
    - ReadiumInternal
  - RCT-Folly (2021.07.22.00):
    - boost
    - DoubleConversion
    - fmt (~> 6.2.1)
    - glog
    - RCT-Folly/Default (= 2021.07.22.00)
  - RCT-Folly/Default (2021.07.22.00):
    - boost
    - DoubleConversion
    - fmt (~> 6.2.1)
    - glog
  - RCT-Folly/Futures (2021.07.22.00):
    - boost
    - DoubleConversion
    - fmt (~> 6.2.1)
    - glog
    - libevent
  - RCTRequired (0.72.7)
  - RCTTypeSafety (0.72.7):
    - FBLazyVector (= 0.72.7)
    - RCTRequired (= 0.72.7)
    - React-Core (= 0.72.7)
  - React (0.72.7):
    - React-Core (= 0.72.7)
    - React-Core/DevSupport (= 0.72.7)
    - React-Core/RCTWebSocket (= 0.72.7)
    - React-RCTActionSheet (= 0.72.7)
    - React-RCTAnimation (= 0.72.7)
    - React-RCTBlob (= 0.72.7)
    - React-RCTImage (= 0.72.7)
    - React-RCTLinking (= 0.72.7)
    - React-RCTNetwork (= 0.72.7)
    - React-RCTSettings (= 0.72.7)
    - React-RCTText (= 0.72.7)
    - React-RCTVibration (= 0.72.7)
  - React-callinvoker (0.72.7)
  - React-Codegen (0.72.7):
    - DoubleConversion
    - FBReactNativeSpec
    - glog
    - hermes-engine
    - RCT-Folly
    - RCTRequired
    - RCTTypeSafety
    - React-Core
    - React-jsi
    - React-jsiexecutor
    - React-NativeModulesApple
    - React-rncore
    - ReactCommon/turbomodule/bridging
    - ReactCommon/turbomodule/core
  - React-Core (0.72.7):
    - glog
    - hermes-engine
    - RCT-Folly (= 2021.07.22.00)
    - React-Core/Default (= 0.72.7)
    - React-cxxreact
    - React-hermes
    - React-jsi
    - React-jsiexecutor
    - React-perflogger
    - React-runtimeexecutor
    - React-utils
    - SocketRocket (= 0.6.1)
    - Yoga
  - React-Core/CoreModulesHeaders (0.72.7):
    - glog
    - hermes-engine
    - RCT-Folly (= 2021.07.22.00)
    - React-Core/Default
    - React-cxxreact
    - React-hermes
    - React-jsi
    - React-jsiexecutor
    - React-perflogger
    - React-runtimeexecutor
    - React-utils
    - SocketRocket (= 0.6.1)
    - Yoga
  - React-Core/Default (0.72.7):
    - glog
    - hermes-engine
    - RCT-Folly (= 2021.07.22.00)
    - React-cxxreact
    - React-hermes
    - React-jsi
    - React-jsiexecutor
    - React-perflogger
    - React-runtimeexecutor
    - React-utils
    - SocketRocket (= 0.6.1)
    - Yoga
  - React-Core/DevSupport (0.72.7):
    - glog
    - hermes-engine
    - RCT-Folly (= 2021.07.22.00)
    - React-Core/Default (= 0.72.7)
    - React-Core/RCTWebSocket (= 0.72.7)
    - React-cxxreact
    - React-hermes
    - React-jsi
    - React-jsiexecutor
    - React-jsinspector (= 0.72.7)
    - React-perflogger
    - React-runtimeexecutor
    - React-utils
    - SocketRocket (= 0.6.1)
    - Yoga
  - React-Core/RCTActionSheetHeaders (0.72.7):
    - glog
    - hermes-engine
    - RCT-Folly (= 2021.07.22.00)
    - React-Core/Default
    - React-cxxreact
    - React-hermes
    - React-jsi
    - React-jsiexecutor
    - React-perflogger
    - React-runtimeexecutor
    - React-utils
    - SocketRocket (= 0.6.1)
    - Yoga
  - React-Core/RCTAnimationHeaders (0.72.7):
    - glog
    - hermes-engine
    - RCT-Folly (= 2021.07.22.00)
    - React-Core/Default
    - React-cxxreact
    - React-hermes
    - React-jsi
    - React-jsiexecutor
    - React-perflogger
    - React-runtimeexecutor
    - React-utils
    - SocketRocket (= 0.6.1)
    - Yoga
  - React-Core/RCTBlobHeaders (0.72.7):
    - glog
    - hermes-engine
    - RCT-Folly (= 2021.07.22.00)
    - React-Core/Default
    - React-cxxreact
    - React-hermes
    - React-jsi
    - React-jsiexecutor
    - React-perflogger
    - React-runtimeexecutor
    - React-utils
    - SocketRocket (= 0.6.1)
    - Yoga
  - React-Core/RCTImageHeaders (0.72.7):
    - glog
    - hermes-engine
    - RCT-Folly (= 2021.07.22.00)
    - React-Core/Default
    - React-cxxreact
    - React-hermes
    - React-jsi
    - React-jsiexecutor
    - React-perflogger
    - React-runtimeexecutor
    - React-utils
    - SocketRocket (= 0.6.1)
    - Yoga
  - React-Core/RCTLinkingHeaders (0.72.7):
    - glog
    - hermes-engine
    - RCT-Folly (= 2021.07.22.00)
    - React-Core/Default
    - React-cxxreact
    - React-hermes
    - React-jsi
    - React-jsiexecutor
    - React-perflogger
    - React-runtimeexecutor
    - React-utils
    - SocketRocket (= 0.6.1)
    - Yoga
  - React-Core/RCTNetworkHeaders (0.72.7):
    - glog
    - hermes-engine
    - RCT-Folly (= 2021.07.22.00)
    - React-Core/Default
    - React-cxxreact
    - React-hermes
    - React-jsi
    - React-jsiexecutor
    - React-perflogger
    - React-runtimeexecutor
    - React-utils
    - SocketRocket (= 0.6.1)
    - Yoga
  - React-Core/RCTSettingsHeaders (0.72.7):
    - glog
    - hermes-engine
    - RCT-Folly (= 2021.07.22.00)
    - React-Core/Default
    - React-cxxreact
    - React-hermes
    - React-jsi
    - React-jsiexecutor
    - React-perflogger
    - React-runtimeexecutor
    - React-utils
    - SocketRocket (= 0.6.1)
    - Yoga
  - React-Core/RCTTextHeaders (0.72.7):
    - glog
    - hermes-engine
    - RCT-Folly (= 2021.07.22.00)
    - React-Core/Default
    - React-cxxreact
    - React-hermes
    - React-jsi
    - React-jsiexecutor
    - React-perflogger
    - React-runtimeexecutor
    - React-utils
    - SocketRocket (= 0.6.1)
    - Yoga
  - React-Core/RCTVibrationHeaders (0.72.7):
    - glog
    - hermes-engine
    - RCT-Folly (= 2021.07.22.00)
    - React-Core/Default
    - React-cxxreact
    - React-hermes
    - React-jsi
    - React-jsiexecutor
    - React-perflogger
    - React-runtimeexecutor
    - React-utils
    - SocketRocket (= 0.6.1)
    - Yoga
  - React-Core/RCTWebSocket (0.72.7):
    - glog
    - hermes-engine
    - RCT-Folly (= 2021.07.22.00)
    - React-Core/Default (= 0.72.7)
    - React-cxxreact
    - React-hermes
    - React-jsi
    - React-jsiexecutor
    - React-perflogger
    - React-runtimeexecutor
    - React-utils
    - SocketRocket (= 0.6.1)
    - Yoga
  - React-CoreModules (0.72.7):
    - RCT-Folly (= 2021.07.22.00)
    - RCTTypeSafety (= 0.72.7)
    - React-Codegen (= 0.72.7)
    - React-Core/CoreModulesHeaders (= 0.72.7)
    - React-jsi (= 0.72.7)
    - React-RCTBlob
    - React-RCTImage (= 0.72.7)
    - ReactCommon/turbomodule/core (= 0.72.7)
    - SocketRocket (= 0.6.1)
  - React-cxxreact (0.72.7):
    - boost (= 1.76.0)
    - DoubleConversion
    - glog
    - hermes-engine
    - RCT-Folly (= 2021.07.22.00)
    - React-callinvoker (= 0.72.7)
    - React-debug (= 0.72.7)
    - React-jsi (= 0.72.7)
    - React-jsinspector (= 0.72.7)
    - React-logger (= 0.72.7)
    - React-perflogger (= 0.72.7)
    - React-runtimeexecutor (= 0.72.7)
  - React-debug (0.72.7)
  - React-hermes (0.72.7):
    - DoubleConversion
    - glog
    - hermes-engine
    - RCT-Folly (= 2021.07.22.00)
    - RCT-Folly/Futures (= 2021.07.22.00)
    - React-cxxreact (= 0.72.7)
    - React-jsi
    - React-jsiexecutor (= 0.72.7)
    - React-jsinspector (= 0.72.7)
    - React-perflogger (= 0.72.7)
  - React-jsi (0.72.7):
    - boost (= 1.76.0)
    - DoubleConversion
    - glog
    - hermes-engine
    - RCT-Folly (= 2021.07.22.00)
  - React-jsiexecutor (0.72.7):
    - DoubleConversion
    - glog
    - hermes-engine
    - RCT-Folly (= 2021.07.22.00)
    - React-cxxreact (= 0.72.7)
    - React-jsi (= 0.72.7)
    - React-perflogger (= 0.72.7)
  - React-jsinspector (0.72.7)
  - React-logger (0.72.7):
    - glog
  - react-native-background-timer (2.4.1):
    - React-Core
  - react-native-image-picker (7.1.0):
    - RCT-Folly (= 2021.07.22.00)
    - React-Core
  - react-native-ionicons (4.6.5):
    - React
  - react-native-ios-files-app-save (0.1.7):
    - React-Core
  - react-native-netinfo (11.2.1):
    - React-Core
  - react-native-network-info (5.2.1):
    - React
  - react-native-readium (1.2.1):
    - R2Navigator
    - R2Shared
    - R2Streamer
    - React-Core
  - react-native-restart (0.0.27):
    - React-Core
  - react-native-safe-area-context (4.7.4):
    - React-Core
  - react-native-slider (4.4.3):
    - React-Core
  - react-native-splash-screen (3.3.0):
    - React-Core
  - react-native-sqlite-storage (6.0.1):
    - React-Core
  - react-native-track-player (4.0.1):
    - React-Core
    - SwiftAudioEx (= 1.0.0)
  - react-native-video (5.2.1):
    - React-Core
    - react-native-video/Video (= 5.2.1)
  - react-native-video/Video (5.2.1):
    - React-Core
  - react-native-webview (13.8.1):
    - RCT-Folly (= 2021.07.22.00)
    - React-Core
  - React-NativeModulesApple (0.72.7):
    - hermes-engine
    - React-callinvoker
    - React-Core
    - React-cxxreact
    - React-jsi
    - React-runtimeexecutor
    - ReactCommon/turbomodule/bridging
    - ReactCommon/turbomodule/core
  - React-perflogger (0.72.7)
  - React-RCTActionSheet (0.72.7):
    - React-Core/RCTActionSheetHeaders (= 0.72.7)
  - React-RCTAnimation (0.72.7):
    - RCT-Folly (= 2021.07.22.00)
    - RCTTypeSafety (= 0.72.7)
    - React-Codegen (= 0.72.7)
    - React-Core/RCTAnimationHeaders (= 0.72.7)
    - React-jsi (= 0.72.7)
    - ReactCommon/turbomodule/core (= 0.72.7)
  - React-RCTAppDelegate (0.72.7):
    - RCT-Folly
    - RCTRequired
    - RCTTypeSafety
    - React-Core
    - React-CoreModules
    - React-hermes
    - React-NativeModulesApple
    - React-RCTImage
    - React-RCTNetwork
    - React-runtimescheduler
    - ReactCommon/turbomodule/core
  - React-RCTBlob (0.72.7):
    - hermes-engine
    - RCT-Folly (= 2021.07.22.00)
    - React-Codegen (= 0.72.7)
    - React-Core/RCTBlobHeaders (= 0.72.7)
    - React-Core/RCTWebSocket (= 0.72.7)
    - React-jsi (= 0.72.7)
    - React-RCTNetwork (= 0.72.7)
    - ReactCommon/turbomodule/core (= 0.72.7)
  - React-RCTImage (0.72.7):
    - RCT-Folly (= 2021.07.22.00)
    - RCTTypeSafety (= 0.72.7)
    - React-Codegen (= 0.72.7)
    - React-Core/RCTImageHeaders (= 0.72.7)
    - React-jsi (= 0.72.7)
    - React-RCTNetwork (= 0.72.7)
    - ReactCommon/turbomodule/core (= 0.72.7)
  - React-RCTLinking (0.72.7):
    - React-Codegen (= 0.72.7)
    - React-Core/RCTLinkingHeaders (= 0.72.7)
    - React-jsi (= 0.72.7)
    - ReactCommon/turbomodule/core (= 0.72.7)
  - React-RCTNetwork (0.72.7):
    - RCT-Folly (= 2021.07.22.00)
    - RCTTypeSafety (= 0.72.7)
    - React-Codegen (= 0.72.7)
    - React-Core/RCTNetworkHeaders (= 0.72.7)
    - React-jsi (= 0.72.7)
    - ReactCommon/turbomodule/core (= 0.72.7)
  - React-RCTSettings (0.72.7):
    - RCT-Folly (= 2021.07.22.00)
    - RCTTypeSafety (= 0.72.7)
    - React-Codegen (= 0.72.7)
    - React-Core/RCTSettingsHeaders (= 0.72.7)
    - React-jsi (= 0.72.7)
    - ReactCommon/turbomodule/core (= 0.72.7)
  - React-RCTText (0.72.7):
    - React-Core/RCTTextHeaders (= 0.72.7)
  - React-RCTVibration (0.72.7):
    - RCT-Folly (= 2021.07.22.00)
    - React-Codegen (= 0.72.7)
    - React-Core/RCTVibrationHeaders (= 0.72.7)
    - React-jsi (= 0.72.7)
    - ReactCommon/turbomodule/core (= 0.72.7)
  - React-rncore (0.72.7)
  - React-runtimeexecutor (0.72.7):
    - React-jsi (= 0.72.7)
  - React-runtimescheduler (0.72.7):
    - glog
    - hermes-engine
    - RCT-Folly (= 2021.07.22.00)
    - React-callinvoker
    - React-debug
    - React-jsi
    - React-runtimeexecutor
  - React-utils (0.72.7):
    - glog
    - RCT-Folly (= 2021.07.22.00)
    - React-debug
  - ReactCommon/turbomodule/bridging (0.72.7):
    - DoubleConversion
    - glog
    - hermes-engine
    - RCT-Folly (= 2021.07.22.00)
    - React-callinvoker (= 0.72.7)
    - React-cxxreact (= 0.72.7)
    - React-jsi (= 0.72.7)
    - React-logger (= 0.72.7)
    - React-perflogger (= 0.72.7)
  - ReactCommon/turbomodule/core (0.72.7):
    - DoubleConversion
    - glog
    - hermes-engine
    - RCT-Folly (= 2021.07.22.00)
    - React-callinvoker (= 0.72.7)
    - React-cxxreact (= 0.72.7)
    - React-jsi (= 0.72.7)
    - React-logger (= 0.72.7)
    - React-perflogger (= 0.72.7)
  - ReactNativeART (1.2.0):
    - React
  - ReactNativeLocalization (2.3.2):
    - React-Core
  - ReadiumInternal (2.6.0)
  - rn-fetch-blob (0.12.0):
    - React-Core
  - RNAudioRecorderPlayer (3.6.5):
    - React-Core
  - RNBootSplash (5.1.3):
    - React-Core
  - RNCAsyncStorage (1.19.6):
    - React-Core
  - RNCMaskedView (0.1.11):
    - React
  - RNCPicker (1.8.1):
    - React-Core
  - RNCPushNotificationIOS (1.11.0):
    - React-Core
  - RNDeviceInfo (10.12.0):
    - React-Core
  - RNFastImage (8.6.3):
    - React-Core
    - SDWebImage (~> 5.11.1)
    - SDWebImageWebPCoder (~> 0.8.4)
  - RNFBApp (19.0.0):
    - Firebase/CoreOnly (= 10.21.0)
    - React-Core
  - RNFBMessaging (19.0.0):
    - Firebase/Messaging (= 10.21.0)
    - FirebaseCoreExtension (= 10.21.0)
    - React-Core
    - RNFBApp
  - RNFS (2.20.0):
    - React-Core
  - RNGestureHandler (2.15.0):
    - RCT-Folly (= 2021.07.22.00)
    - React-Core
  - RNIap (12.5.1):
    - React-Core
  - RNLocalize (3.0.6):
    - React-Core
  - RNRate (1.2.12):
    - React-Core
  - RNReanimated (3.5.4):
    - DoubleConversion
    - FBLazyVector
    - glog
    - hermes-engine
    - RCT-Folly
    - RCTRequired
    - RCTTypeSafety
    - React-callinvoker
    - React-Core
    - React-Core/DevSupport
    - React-Core/RCTWebSocket
    - React-CoreModules
    - React-cxxreact
    - React-hermes
    - React-jsi
    - React-jsiexecutor
    - React-jsinspector
    - React-RCTActionSheet
    - React-RCTAnimation
    - React-RCTAppDelegate
    - React-RCTBlob
    - React-RCTImage
    - React-RCTLinking
    - React-RCTNetwork
    - React-RCTSettings
    - React-RCTText
    - ReactCommon/turbomodule/core
    - Yoga
  - RNScreens (3.27.0):
    - RCT-Folly (= 2021.07.22.00)
    - React-Core
  - RNSVG (14.1.0):
    - React-Core
  - RNVectorIcons (9.2.0):
    - React-Core
  - SDWebImage (5.11.1):
    - SDWebImage/Core (= 5.11.1)
  - SDWebImage/Core (5.11.1)
  - SDWebImageWebPCoder (0.8.5):
    - libwebp (~> 1.0)
    - SDWebImage/Core (~> 5.10)
  - SocketRocket (0.6.1)
  - Stripe (23.21.1):
    - StripeApplePay (= 23.21.1)
    - StripeCore (= 23.21.1)
    - StripePayments (= 23.21.1)
    - StripePaymentsUI (= 23.21.1)
    - StripeUICore (= 23.21.1)
  - stripe-react-native (0.36.0):
    - React-Core
    - Stripe (~> 23.21.0)
    - StripeApplePay (~> 23.21.0)
    - StripeFinancialConnections (~> 23.21.0)
    - StripePayments (~> 23.21.0)
    - StripePaymentSheet (~> 23.21.0)
    - StripePaymentsUI (~> 23.21.0)
  - StripeApplePay (23.21.1):
    - StripeCore (= 23.21.1)
  - StripeCore (23.21.1)
  - StripeFinancialConnections (23.21.1):
    - StripeCore (= 23.21.1)
    - StripeUICore (= 23.21.1)
  - StripePayments (23.21.1):
    - StripeCore (= 23.21.1)
    - StripePayments/Stripe3DS2 (= 23.21.1)
  - StripePayments/Stripe3DS2 (23.21.1):
    - StripeCore (= 23.21.1)
  - StripePaymentSheet (23.21.1):
    - StripeApplePay (= 23.21.1)
    - StripeCore (= 23.21.1)
    - StripePayments (= 23.21.1)
    - StripePaymentsUI (= 23.21.1)
  - StripePaymentsUI (23.21.1):
    - StripeCore (= 23.21.1)
    - StripePayments (= 23.21.1)
    - StripeUICore (= 23.21.1)
  - StripeUICore (23.21.1):
    - StripeCore (= 23.21.1)
  - SwiftAudioEx (1.0.0)
  - SwiftSoup (2.5.3)
  - Yoga (1.14.0)
  - YogaKit (1.18.1):
    - Yoga (~> 1.14)

DEPENDENCIES:
  - boost (from `../node_modules/react-native/third-party-podspecs/boost.podspec`)
  - DoubleConversion (from `../node_modules/react-native/third-party-podspecs/DoubleConversion.podspec`)
  - FBLazyVector (from `../node_modules/react-native/Libraries/FBLazyVector`)
  - FBReactNativeSpec (from `../node_modules/react-native/React/FBReactNativeSpec`)
  - Firebase
  - FirebaseCore
  - FirebaseCoreInternal
  - Flipper (= 0.182.0)
  - Flipper-Boost-iOSX (= 1.76.0.1.11)
  - Flipper-DoubleConversion (= 3.2.0.1)
  - Flipper-Fmt (= 7.1.7)
  - Flipper-Folly (= 2.6.10)
  - Flipper-Glog (= 0.5.0.5)
  - Flipper-PeerTalk (= 0.0.4)
  - FlipperKit (= 0.182.0)
  - FlipperKit/Core (= 0.182.0)
  - FlipperKit/CppBridge (= 0.182.0)
  - FlipperKit/FBCxxFollyDynamicConvert (= 0.182.0)
  - FlipperKit/FBDefines (= 0.182.0)
  - FlipperKit/FKPortForwarding (= 0.182.0)
  - FlipperKit/FlipperKitHighlightOverlay (= 0.182.0)
  - FlipperKit/FlipperKitLayoutPlugin (= 0.182.0)
  - FlipperKit/FlipperKitLayoutTextSearchable (= 0.182.0)
  - FlipperKit/FlipperKitNetworkPlugin (= 0.182.0)
  - FlipperKit/FlipperKitReactPlugin (= 0.182.0)
  - FlipperKit/FlipperKitUserDefaultsPlugin (= 0.182.0)
  - FlipperKit/SKIOSNetworkPlugin (= 0.182.0)
  - GCDWebServer (from `https://raw.githubusercontent.com/readium/GCDWebServer/3.7.5/GCDWebServer.podspec`)
  - glog (from `../node_modules/react-native/third-party-podspecs/glog.podspec`)
  - GoogleUtilities
  - hermes-engine (from `../node_modules/react-native/sdks/hermes-engine/hermes-engine.podspec`)
  - libevent (~> 2.1.12)
  - Minizip
  - OpenSSL-Universal (= 1.1.1100)
  - "pagopa-io-react-native-crypto (from `../node_modules/@pagopa/io-react-native-crypto/pagopa-io-react-native-crypto.podspec`)"
  - "pagopa-io-react-native-jwt (from `../node_modules/@pagopa/io-react-native-jwt`)"
  - R2Navigator (from `https://raw.githubusercontent.com/readium/swift-toolkit/2.6.0/Support/CocoaPods/ReadiumNavigator.podspec`)
  - R2Shared (from `https://raw.githubusercontent.com/readium/swift-toolkit/2.6.0/Support/CocoaPods/ReadiumShared.podspec`)
  - R2Streamer (from `https://raw.githubusercontent.com/readium/swift-toolkit/2.6.0/Support/CocoaPods/ReadiumStreamer.podspec`)
  - RCT-Folly (from `../node_modules/react-native/third-party-podspecs/RCT-Folly.podspec`)
  - RCTRequired (from `../node_modules/react-native/Libraries/RCTRequired`)
  - RCTTypeSafety (from `../node_modules/react-native/Libraries/TypeSafety`)
  - React (from `../node_modules/react-native/`)
  - React-callinvoker (from `../node_modules/react-native/ReactCommon/callinvoker`)
  - React-Codegen (from `build/generated/ios`)
  - React-Core (from `../node_modules/react-native/`)
  - React-Core/DevSupport (from `../node_modules/react-native/`)
  - React-Core/RCTWebSocket (from `../node_modules/react-native/`)
  - React-CoreModules (from `../node_modules/react-native/React/CoreModules`)
  - React-cxxreact (from `../node_modules/react-native/ReactCommon/cxxreact`)
  - React-debug (from `../node_modules/react-native/ReactCommon/react/debug`)
  - React-hermes (from `../node_modules/react-native/ReactCommon/hermes`)
  - React-jsi (from `../node_modules/react-native/ReactCommon/jsi`)
  - React-jsiexecutor (from `../node_modules/react-native/ReactCommon/jsiexecutor`)
  - React-jsinspector (from `../node_modules/react-native/ReactCommon/jsinspector`)
  - React-logger (from `../node_modules/react-native/ReactCommon/logger`)
  - react-native-background-timer (from `../node_modules/react-native-background-timer`)
  - react-native-image-picker (from `../node_modules/react-native-image-picker`)
  - react-native-ionicons (from `../node_modules/react-native-ionicons`)
  - react-native-ios-files-app-save (from `../node_modules/react-native-ios-files-app-save`)
  - "react-native-netinfo (from `../node_modules/@react-native-community/netinfo`)"
  - react-native-network-info (from `../node_modules/react-native-network-info`)
  - react-native-readium (from `../node_modules/react-native-readium`)
  - react-native-restart (from `../node_modules/react-native-restart`)
  - react-native-safe-area-context (from `../node_modules/react-native-safe-area-context`)
  - "react-native-slider (from `../node_modules/@react-native-community/slider`)"
  - react-native-splash-screen (from `../node_modules/react-native-splash-screen`)
  - react-native-sqlite-storage (from `../node_modules/react-native-sqlite-storage`)
  - react-native-track-player (from `../node_modules/react-native-track-player`)
  - react-native-video (from `../node_modules/react-native-video`)
  - react-native-webview (from `../node_modules/react-native-webview`)
  - React-NativeModulesApple (from `../node_modules/react-native/ReactCommon/react/nativemodule/core/platform/ios`)
  - React-perflogger (from `../node_modules/react-native/ReactCommon/reactperflogger`)
  - React-RCTActionSheet (from `../node_modules/react-native/Libraries/ActionSheetIOS`)
  - React-RCTAnimation (from `../node_modules/react-native/Libraries/NativeAnimation`)
  - React-RCTAppDelegate (from `../node_modules/react-native/Libraries/AppDelegate`)
  - React-RCTBlob (from `../node_modules/react-native/Libraries/Blob`)
  - React-RCTImage (from `../node_modules/react-native/Libraries/Image`)
  - React-RCTLinking (from `../node_modules/react-native/Libraries/LinkingIOS`)
  - React-RCTNetwork (from `../node_modules/react-native/Libraries/Network`)
  - React-RCTSettings (from `../node_modules/react-native/Libraries/Settings`)
  - React-RCTText (from `../node_modules/react-native/Libraries/Text`)
  - React-RCTVibration (from `../node_modules/react-native/Libraries/Vibration`)
  - React-rncore (from `../node_modules/react-native/ReactCommon`)
  - React-runtimeexecutor (from `../node_modules/react-native/ReactCommon/runtimeexecutor`)
  - React-runtimescheduler (from `../node_modules/react-native/ReactCommon/react/renderer/runtimescheduler`)
  - React-utils (from `../node_modules/react-native/ReactCommon/react/utils`)
  - ReactCommon/turbomodule/core (from `../node_modules/react-native/ReactCommon`)
  - "ReactNativeART (from `../node_modules/@react-native-community/art`)"
  - ReactNativeLocalization (from `../node_modules/react-native-localization`)
  - ReadiumInternal (from `https://raw.githubusercontent.com/readium/swift-toolkit/2.6.0/Support/CocoaPods/ReadiumInternal.podspec`)
  - rn-fetch-blob (from `../node_modules/rn-fetch-blob`)
  - RNAudioRecorderPlayer (from `../node_modules/react-native-audio-recorder-player`)
  - RNBootSplash (from `../node_modules/react-native-bootsplash`)
  - "RNCAsyncStorage (from `../node_modules/@react-native-async-storage/async-storage`)"
  - "RNCMaskedView (from `../node_modules/@react-native-community/masked-view`)"
  - "RNCPicker (from `../node_modules/@react-native-community/picker`)"
  - "RNCPushNotificationIOS (from `../node_modules/@react-native-community/push-notification-ios`)"
  - RNDeviceInfo (from `../node_modules/react-native-device-info`)
  - RNFastImage (from `../node_modules/react-native-fast-image`)
  - "RNFBApp (from `../node_modules/@react-native-firebase/app`)"
  - "RNFBMessaging (from `../node_modules/@react-native-firebase/messaging`)"
  - RNFS (from `../node_modules/react-native-fs`)
  - RNGestureHandler (from `../node_modules/react-native-gesture-handler`)
  - RNIap (from `../node_modules/react-native-iap`)
  - RNLocalize (from `../node_modules/react-native-localize`)
  - RNRate (from `../node_modules/react-native-rate`)
  - RNReanimated (from `../node_modules/react-native-reanimated`)
  - RNScreens (from `../node_modules/react-native-screens`)
  - RNSVG (from `../node_modules/react-native-svg`)
  - RNVectorIcons (from `../node_modules/react-native-vector-icons`)
  - "stripe-react-native (from `../node_modules/@stripe/stripe-react-native`)"
  - Yoga (from `../node_modules/react-native/ReactCommon/yoga`)

SPEC REPOS:
  trunk:
    - CocoaAsyncSocket
    - CryptoSwift
    - DifferenceKit
    - Firebase
    - FirebaseAnalytics
    - FirebaseCore
    - FirebaseCoreExtension
    - FirebaseCoreInternal
    - FirebaseInstallations
    - FirebaseMessaging
    - Flipper
    - Flipper-Boost-iOSX
    - Flipper-DoubleConversion
    - Flipper-Fmt
    - Flipper-Folly
    - Flipper-Glog
    - Flipper-PeerTalk
    - FlipperKit
    - fmt
    - Fuzi
    - GoogleAppMeasurement
    - GoogleDataTransport
    - GoogleUtilities
    - JOSESwift
    - libevent
    - libwebp
    - Minizip
    - nanopb
    - OpenSSL-Universal
    - PromisesObjC
    - SDWebImage
    - SDWebImageWebPCoder
    - SocketRocket
    - Stripe
    - StripeApplePay
    - StripeCore
    - StripeFinancialConnections
    - StripePayments
    - StripePaymentSheet
    - StripePaymentsUI
    - StripeUICore
    - SwiftAudioEx
    - SwiftSoup
    - YogaKit

EXTERNAL SOURCES:
  boost:
    :podspec: "../node_modules/react-native/third-party-podspecs/boost.podspec"
  DoubleConversion:
    :podspec: "../node_modules/react-native/third-party-podspecs/DoubleConversion.podspec"
  FBLazyVector:
    :path: "../node_modules/react-native/Libraries/FBLazyVector"
  FBReactNativeSpec:
    :path: "../node_modules/react-native/React/FBReactNativeSpec"
  GCDWebServer:
    :podspec: https://raw.githubusercontent.com/readium/GCDWebServer/3.7.5/GCDWebServer.podspec
  glog:
    :podspec: "../node_modules/react-native/third-party-podspecs/glog.podspec"
  hermes-engine:
    :podspec: "../node_modules/react-native/sdks/hermes-engine/hermes-engine.podspec"
    :tag: hermes-2023-08-07-RNv0.72.4-813b2def12bc9df02654b3e3653ae4a68d0572e0
  pagopa-io-react-native-crypto:
    :path: "../node_modules/@pagopa/io-react-native-crypto/pagopa-io-react-native-crypto.podspec"
  pagopa-io-react-native-jwt:
    :path: "../node_modules/@pagopa/io-react-native-jwt"
  R2Navigator:
    :podspec: https://raw.githubusercontent.com/readium/swift-toolkit/2.6.0/Support/CocoaPods/ReadiumNavigator.podspec
  R2Shared:
    :podspec: https://raw.githubusercontent.com/readium/swift-toolkit/2.6.0/Support/CocoaPods/ReadiumShared.podspec
  R2Streamer:
    :podspec: https://raw.githubusercontent.com/readium/swift-toolkit/2.6.0/Support/CocoaPods/ReadiumStreamer.podspec
  RCT-Folly:
    :podspec: "../node_modules/react-native/third-party-podspecs/RCT-Folly.podspec"
  RCTRequired:
    :path: "../node_modules/react-native/Libraries/RCTRequired"
  RCTTypeSafety:
    :path: "../node_modules/react-native/Libraries/TypeSafety"
  React:
    :path: "../node_modules/react-native/"
  React-callinvoker:
    :path: "../node_modules/react-native/ReactCommon/callinvoker"
  React-Codegen:
    :path: build/generated/ios
  React-Core:
    :path: "../node_modules/react-native/"
  React-CoreModules:
    :path: "../node_modules/react-native/React/CoreModules"
  React-cxxreact:
    :path: "../node_modules/react-native/ReactCommon/cxxreact"
  React-debug:
    :path: "../node_modules/react-native/ReactCommon/react/debug"
  React-hermes:
    :path: "../node_modules/react-native/ReactCommon/hermes"
  React-jsi:
    :path: "../node_modules/react-native/ReactCommon/jsi"
  React-jsiexecutor:
    :path: "../node_modules/react-native/ReactCommon/jsiexecutor"
  React-jsinspector:
    :path: "../node_modules/react-native/ReactCommon/jsinspector"
  React-logger:
    :path: "../node_modules/react-native/ReactCommon/logger"
  react-native-background-timer:
    :path: "../node_modules/react-native-background-timer"
  react-native-image-picker:
    :path: "../node_modules/react-native-image-picker"
  react-native-ionicons:
    :path: "../node_modules/react-native-ionicons"
  react-native-ios-files-app-save:
    :path: "../node_modules/react-native-ios-files-app-save"
  react-native-netinfo:
    :path: "../node_modules/@react-native-community/netinfo"
  react-native-network-info:
    :path: "../node_modules/react-native-network-info"
  react-native-readium:
    :path: "../node_modules/react-native-readium"
  react-native-restart:
    :path: "../node_modules/react-native-restart"
  react-native-safe-area-context:
    :path: "../node_modules/react-native-safe-area-context"
  react-native-slider:
    :path: "../node_modules/@react-native-community/slider"
  react-native-splash-screen:
    :path: "../node_modules/react-native-splash-screen"
  react-native-sqlite-storage:
    :path: "../node_modules/react-native-sqlite-storage"
  react-native-track-player:
    :path: "../node_modules/react-native-track-player"
  react-native-video:
    :path: "../node_modules/react-native-video"
  react-native-webview:
    :path: "../node_modules/react-native-webview"
  React-NativeModulesApple:
    :path: "../node_modules/react-native/ReactCommon/react/nativemodule/core/platform/ios"
  React-perflogger:
    :path: "../node_modules/react-native/ReactCommon/reactperflogger"
  React-RCTActionSheet:
    :path: "../node_modules/react-native/Libraries/ActionSheetIOS"
  React-RCTAnimation:
    :path: "../node_modules/react-native/Libraries/NativeAnimation"
  React-RCTAppDelegate:
    :path: "../node_modules/react-native/Libraries/AppDelegate"
  React-RCTBlob:
    :path: "../node_modules/react-native/Libraries/Blob"
  React-RCTImage:
    :path: "../node_modules/react-native/Libraries/Image"
  React-RCTLinking:
    :path: "../node_modules/react-native/Libraries/LinkingIOS"
  React-RCTNetwork:
    :path: "../node_modules/react-native/Libraries/Network"
  React-RCTSettings:
    :path: "../node_modules/react-native/Libraries/Settings"
  React-RCTText:
    :path: "../node_modules/react-native/Libraries/Text"
  React-RCTVibration:
    :path: "../node_modules/react-native/Libraries/Vibration"
  React-rncore:
    :path: "../node_modules/react-native/ReactCommon"
  React-runtimeexecutor:
    :path: "../node_modules/react-native/ReactCommon/runtimeexecutor"
  React-runtimescheduler:
    :path: "../node_modules/react-native/ReactCommon/react/renderer/runtimescheduler"
  React-utils:
    :path: "../node_modules/react-native/ReactCommon/react/utils"
  ReactCommon:
    :path: "../node_modules/react-native/ReactCommon"
  ReactNativeART:
    :path: "../node_modules/@react-native-community/art"
  ReactNativeLocalization:
    :path: "../node_modules/react-native-localization"
  ReadiumInternal:
    :podspec: https://raw.githubusercontent.com/readium/swift-toolkit/2.6.0/Support/CocoaPods/ReadiumInternal.podspec
  rn-fetch-blob:
    :path: "../node_modules/rn-fetch-blob"
  RNAudioRecorderPlayer:
    :path: "../node_modules/react-native-audio-recorder-player"
  RNBootSplash:
    :path: "../node_modules/react-native-bootsplash"
  RNCAsyncStorage:
    :path: "../node_modules/@react-native-async-storage/async-storage"
  RNCMaskedView:
    :path: "../node_modules/@react-native-community/masked-view"
  RNCPicker:
    :path: "../node_modules/@react-native-community/picker"
  RNCPushNotificationIOS:
    :path: "../node_modules/@react-native-community/push-notification-ios"
  RNDeviceInfo:
    :path: "../node_modules/react-native-device-info"
  RNFastImage:
    :path: "../node_modules/react-native-fast-image"
  RNFBApp:
    :path: "../node_modules/@react-native-firebase/app"
  RNFBMessaging:
    :path: "../node_modules/@react-native-firebase/messaging"
  RNFS:
    :path: "../node_modules/react-native-fs"
  RNGestureHandler:
    :path: "../node_modules/react-native-gesture-handler"
  RNIap:
    :path: "../node_modules/react-native-iap"
  RNLocalize:
    :path: "../node_modules/react-native-localize"
  RNRate:
    :path: "../node_modules/react-native-rate"
  RNReanimated:
    :path: "../node_modules/react-native-reanimated"
  RNScreens:
    :path: "../node_modules/react-native-screens"
  RNSVG:
    :path: "../node_modules/react-native-svg"
  RNVectorIcons:
    :path: "../node_modules/react-native-vector-icons"
  stripe-react-native:
    :path: "../node_modules/@stripe/stripe-react-native"
  Yoga:
    :path: "../node_modules/react-native/ReactCommon/yoga"

SPEC CHECKSUMS:
  boost: 57d2868c099736d80fcd648bf211b4431e51a558
  CocoaAsyncSocket: 065fd1e645c7abab64f7a6a2007a48038fdc6a99
  CryptoSwift: c4f2debceb38bf44c80659afe009f71e23e4a082
  DifferenceKit: ab185c4d7f9cef8af3fcf593e5b387fb81e999ca
  DoubleConversion: 5189b271737e1565bdce30deb4a08d647e3f5f54
  FBLazyVector: 5fbbff1d7734827299274638deb8ba3024f6c597
  FBReactNativeSpec: 638095fe8a01506634d77b260ef8a322019ac671
  Firebase: 4453b799f72f625384dc23f412d3be92b0e3b2a0
  FirebaseAnalytics: d275f288881d4417f780115dd52c05fa9752d530
  FirebaseCore: 74f647ad9739ea75112ce6c3b3b91f5488ce1122
  FirebaseCoreExtension: 1c044fd46e95036cccb29134757c499613f3f564
  FirebaseCoreInternal: bca337352024b18424a61e478460547d46c4c753
  FirebaseInstallations: 763814908793c0da14c18b3dcffdec71e29ed55e
  FirebaseMessaging: b285329399cc6edd73b5b32864c68454177bcf3f
  Flipper: 6edb735e6c3e332975d1b17956bcc584eccf5818
  Flipper-Boost-iOSX: fd1e2b8cbef7e662a122412d7ac5f5bea715403c
  Flipper-DoubleConversion: 2dc99b02f658daf147069aad9dbd29d8feb06d30
  Flipper-Fmt: 60cbdd92fc254826e61d669a5d87ef7015396a9b
  Flipper-Folly: 584845625005ff068a6ebf41f857f468decd26b3
  Flipper-Glog: 70c50ce58ddaf67dc35180db05f191692570f446
  Flipper-PeerTalk: 116d8f857dc6ef55c7a5a75ea3ceaafe878aadc9
  FlipperKit: 2efad7007d6745a3f95e4034d547be637f89d3f6
  fmt: ff9d55029c625d3757ed641535fd4a75fedc7ce9
  Fuzi: 4c10d6449c0b49a85cd75b13844c559c0fc71220
  GCDWebServer: 5e989dbe6795b9975f378cc0eeeee49ef2c51b6f
  glog: 04b94705f318337d7ead9e6d17c019bd9b1f6b1b
  GoogleAppMeasurement: a65314d316443969ed3d3709b3a187448ed6418f
  GoogleDataTransport: bed3a36c04c8552479fbb9b76326e0fc69bddcb2
  GoogleUtilities: d053d902a8edaa9904e1bd00c37535385b8ed152
  hermes-engine: 9180d43df05c1ed658a87cc733dc3044cf90c00a
  JOSESwift: 7ff178bb9173ff42c6e990929a9f2fa702a34f69
  libevent: 4049cae6c81cdb3654a443be001fb9bdceff7913
  libwebp: 1786c9f4ff8a279e4dac1e8f385004d5fc253009
  Minizip: 188cb3e39a1195c283ae03bf673d182596fefd0b
  nanopb: d4d75c12cd1316f4a64e3c6963f879ecd4b5e0d5
  OpenSSL-Universal: ebc357f1e6bc71fa463ccb2fe676756aff50e88c
  pagopa-io-react-native-crypto: 93f984df8711eb72f3fb030eca51be6268fc96d6
  pagopa-io-react-native-jwt: 76b4008ace006bc4eec878712101e7b53b390a97
  PromisesObjC: f5707f49cb48b9636751c5b2e7d227e43fba9f47
  R2Navigator: 4b53a3d10dd7282c9d9cd6d2188e68f0041840fc
  R2Shared: fa34e56aa6e67e34608bf6ef72acf2631cbc4b5e
  R2Streamer: d2501f0395c868cb65329ec46e3ab604b8b98687
  RCT-Folly: 424b8c9a7a0b9ab2886ffe9c3b041ef628fd4fb1
  RCTRequired: 83bca1c184feb4d2e51c72c8369b83d641443f95
  RCTTypeSafety: 13c4a87a16d7db6cd66006ce9759f073402ef85b
  React: e67aa9f99957c7611c392b5e49355d877d6525e2
  React-callinvoker: 2790c09d964c2e5404b5410cde91b152e3746b7b
  React-Codegen: e6e05e105ca7cdb990f4d609985a2a689d8d0653
  React-Core: 9283f1e7d0d5e3d33ad298547547b1b43912534c
  React-CoreModules: 6312c9b2fec4329d9ae6a2b8c350032d1664c51b
  React-cxxreact: 7da72565656c8ac7f97c9a031d0b199bbdec0640
  React-debug: 4accb2b9dc09b575206d2c42f4082990a52ae436
  React-hermes: 1299a94f255f59a72d5baa54a2ca2e1eee104947
  React-jsi: 2208de64c3a41714ac04e86975386fc49116ea13
  React-jsiexecutor: c49502e5d02112247ee4526bc3ccfc891ae3eb9b
  React-jsinspector: 8baadae51f01d867c3921213a25ab78ab4fbcd91
  React-logger: 8edc785c47c8686c7962199a307015e2ce9a0e4f
  react-native-background-timer: 17ea5e06803401a379ebf1f20505b793ac44d0fe
  react-native-image-picker: 5e076db26cd81660cfb6db5bcf517cfa12054d45
  react-native-ionicons: 7ce04a8e61c6de2fc3b6798e8b9621b865cb18b1
  react-native-ios-files-app-save: 097e27a39c87126605586bae34d35775d89fee65
  react-native-netinfo: 8a7fd3f7130ef4ad2fb4276d5c9f8d3f28d2df3d
  react-native-network-info: d1290ffc0bd0709e11436f5b8d7f605dcc5c4530
  react-native-readium: 7f71dab8b9c3eff510a2b7527e7a249691637215
  react-native-restart: 7595693413fe3ca15893702f2c8306c62a708162
  react-native-safe-area-context: 2cd91d532de12acdb0a9cbc8d43ac72a8e4c897c
  react-native-slider: 1cdd6ba29675df21f30544253bf7351d3c2d68c4
  react-native-splash-screen: 4312f786b13a81b5169ef346d76d33bc0c6dc457
  react-native-sqlite-storage: f6d515e1c446d1e6d026aa5352908a25d4de3261
  react-native-track-player: 97d76dbbd35f27cc709e5f04540615e54264b3f9
  react-native-video: c26780b224543c62d5e1b2a7244a5cd1b50e8253
  react-native-webview: bdc091de8cf7f8397653e30182efcd9f772e03b3
  React-NativeModulesApple: b6868ee904013a7923128892ee4a032498a1024a
  React-perflogger: 31ea61077185eb1428baf60c0db6e2886f141a5a
  React-RCTActionSheet: 392090a3abc8992eb269ef0eaa561750588fc39d
  React-RCTAnimation: 4b3cc6a29474bc0d78c4f04b52ab59bf760e8a9b
  React-RCTAppDelegate: 89b015b29885109addcabecdf3b2e833905437c7
  React-RCTBlob: 3e23dcbe6638897b5605e46d0d62955d78e8d27b
  React-RCTImage: 8a5d339d614a90a183fc1b8b6a7eb44e2e703943
  React-RCTLinking: b37dfbf646d77c326f9eae094b1fcd575b1c24c7
  React-RCTNetwork: 8bed9b2461c7d8a7d14e63df9b16181c448beebc
  React-RCTSettings: 506a5f09a455123a8873801b70aa7b4010b76b01
  React-RCTText: 3c71ecaad8ee010b79632ea2590f86c02f5cce17
  React-RCTVibration: d1b78ca38f61ea4b3e9ebb2ddbd0b5662631d99b
  React-rncore: bfc2f6568b6fecbae6f2f774e95c60c3c9e95bf2
  React-runtimeexecutor: 47b0a2d5bbb416db65ef881a6f7bdcfefa0001ab
  React-runtimescheduler: 7649c3b46c8dee1853691ecf60146a16ae59253c
  React-utils: 56838edeaaf651220d1e53cd0b8934fb8ce68415
  ReactCommon: 5f704096ccf7733b390f59043b6fa9cc180ee4f6
  ReactNativeART: 78edc68dd4a1e675338cd0cd113319cf3a65f2ab
  ReactNativeLocalization: fb171138cdc80d5d0d4f20243d2fc82c2b3cc48f
  ReadiumInternal: a74f61e9c0fbe2407f4e5c53aa032aa92193f3d5
  rn-fetch-blob: f065bb7ab7fb48dd002629f8bdcb0336602d3cba
  RNAudioRecorderPlayer: ba0aca62cd47c6f878313fdadb0edb23ef9dbf90
  RNBootSplash: 970faaa2ab1322758c6545c88d3b23f424b86a2f
  RNCAsyncStorage: 191a99459b4a6d174cfe51579d34b5267201bbf3
  RNCMaskedView: 0e1bc4bfa8365eba5fbbb71e07fbdc0555249489
  RNCPicker: 914b557e20b3b8317b084aca9ff4b4edb95f61e4
  RNCPushNotificationIOS: 64218f3c776c03d7408284a819b2abfda1834bc8
  RNDeviceInfo: db5c64a060e66e5db3102d041ebe3ef307a85120
  RNFastImage: 5c9c9fed9c076e521b3f509fe79e790418a544e8
  RNFBApp: 495bf6662800c670fe8e9629d4de0cba72c78b0a
  RNFBMessaging: 6686d597a88f0054b87faba6299992a90cfe935b
  RNFS: 4ac0f0ea233904cb798630b3c077808c06931688
  RNGestureHandler: 7909c50383a18f0cb10ce1db7262b9a6da504c03
  RNIap: fc9af04ee706894a80c9d8f979bae930b0dee191
  RNLocalize: 4222a3756cdbe2dc9a5bdf445765a4d2572107cb
  RNRate: ef3bcff84f39bb1d1e41c5593d3eea4aab2bd73a
  RNReanimated: ab2e96c6d5591c3dfbb38a464f54c8d17fb34a87
  RNScreens: 3c2d122f5e08c192e254c510b212306da97d2581
  RNSVG: ba3e7232f45e34b7b47e74472386cf4e1a676d0a
  RNVectorIcons: fcc2f6cb32f5735b586e66d14103a74ce6ad61f8
  SDWebImage: a7f831e1a65eb5e285e3fb046a23fcfbf08e696d
  SDWebImageWebPCoder: 908b83b6adda48effe7667cd2b7f78c897e5111d
  SocketRocket: f32cd54efbe0f095c4d7594881e52619cfe80b17
  Stripe: d55e7338dabc599eddeee3b09eacd5c13457e1a2
  stripe-react-native: ee7309aeca7aeb9cabeec8e1434c84f114fdf74b
  StripeApplePay: 48973391091a96e30e6ef6b9b331dbaa31449dcb
  StripeCore: 2ad2bf779ed5b34c1af0800d8304222d3a98440f
  StripeFinancialConnections: d75c000ffe2f09b14f9aebf02a571d91658ae73b
  StripePayments: 9961532054e6d4176f54d681cab876cefe60de14
  StripePaymentSheet: 2ef84d80a938e8c6c59ba0639007b4108d0a6bfb
  StripePaymentsUI: 1f8addf41697d0f298fd8a15e4edf3999fbc66bc
  StripeUICore: 95c5235db01a2d90b5bb72c85a804eaed4e64f17
  SwiftAudioEx: 6f511018b7a0fdfd14ed1bb4081f953588245cc0
  SwiftSoup: 33e8d374021a6c332788f78fa29a93227d8a7699
  Yoga: 4c3aa327e4a6a23eeacd71f61c81df1bcdf677d5
  YogaKit: f782866e155069a2cca2517aafea43200b01fd5a

PODFILE CHECKSUM: 7df43ad893908c303f1995a164b96c332392d44c

COCOAPODS: 1.12.1
